
Microsoft Visual Studio Solution File, Format Version 12.00
# Visual Studio Version 17
VisualStudioVersion = 17.8.34525.116
MinimumVisualStudioVersion = 10.0.40219.1
Project("{2150E333-8FDC-42A3-9474-1A3956D46DE8}") = "src", "src", "{C31D5AB8-8E9A-4F51-8238-0A262C262599}"
EndProject
Project("{2150E333-8FDC-42A3-9474-1A3956D46DE8}") = "tests", "tests", "{477E0EC9-F171-4AB8-8F70-6C7C7CE74A8F}"
EndProject
Project("{9A19103F-16F7-4668-BE54-9A1E7A4F7556}") = "RocketseatAuction.API", "src\RocketseatAuction.API\RocketseatAuction.API.csproj", "{760BA82C-8C80-4FAA-98B4-9F0DD113FC38}"
EndProject
Project("{FAE04EC0-301F-11D3-BF4B-00C04F79EFBC}") = "UseCases.Test", "tests\UseCases.Test\UseCases.Test.csproj", "{2F4B5606-2BE5-4DAC-B8CE-198A376DC443}"
EndProject
Global
	GlobalSection(SolutionConfigurationPlatforms) = preSolution
		Debug|Any CPU = Debug|Any CPU
		Release|Any CPU = Release|Any CPU
	EndGlobalSection
	GlobalSection(ProjectConfigurationPlatforms) = postSolution
		{760BA82C-8C80-4FAA-98B4-9F0DD113FC38}.Debug|Any CPU.ActiveCfg = Debug|Any CPU
		{760BA82C-8C80-4FAA-98B4-9F0DD113FC38}.Debug|Any CPU.Build.0 = Debug|Any CPU
		{760BA82C-8C80-4FAA-98B4-9F0DD113FC38}.Release|Any CPU.ActiveCfg = Release|Any CPU
		{760BA82C-8C80-4FAA-98B4-9F0DD113FC38}.Release|Any CPU.Build.0 = Release|Any CPU
		{2F4B5606-2BE5-4DAC-B8CE-198A376DC443}.Debug|Any CPU.ActiveCfg = Debug|Any CPU
		{2F4B5606-2BE5-4DAC-B8CE-198A376DC443}.Debug|Any CPU.Build.0 = Debug|Any CPU
		{2F4B5606-2BE5-4DAC-B8CE-198A376DC443}.Release|Any CPU.ActiveCfg = Release|Any CPU
		{2F4B5606-2BE5-4DAC-B8CE-198A376DC443}.Release|Any CPU.Build.0 = Release|Any CPU
	EndGlobalSection
	GlobalSection(SolutionProperties) = preSolution
		HideSolutionNode = FALSE
	EndGlobalSection
	GlobalSection(NestedProjects) = preSolution
		{760BA82C-8C80-4FAA-98B4-9F0DD113FC38} = {C31D5AB8-8E9A-4F51-8238-0A262C262599}
		{2F4B5606-2BE5-4DAC-B8CE-198A376DC443} = {477E0EC9-F171-4AB8-8F70-6C7C7CE74A8F}
	EndGlobalSection
	GlobalSection(ExtensibilityGlobals) = postSolution
		SolutionGuid = {6FB797FC-7069-4DD0-9742-0BCDE7EA0551}
	EndGlobalSection
EndGlobal
